# This file is automatically @generated by Cargo.
# It is not intended for manual editing.
version = 3

[[package]]
name = "common"
version = "0.1.0"

[[package]]
name = "fe-leptos"
version = "0.1.0"

[[package]]
name = "fe-yew"
version = "0.1.0"
dependencies = [
 "common",
]

[[package]]
name = "rust-app"
version = "0.1.0"

[[package]]
name = "server"
version = "0.1.0"
